
Microsoft Visual Studio Solution File, Format Version 12.00
# Visual Studio Version 17
VisualStudioVersion = 17.6.33927.249
MinimumVisualStudioVersion = 10.0.40219.1
Project("{9A19103F-16F7-4668-BE54-9A1E7A4F7556}") = "Enbrea.Cli", "src\Enbrea.Cli\Enbrea.Cli.csproj", "{10C5AA32-2254-46CF-80DA-34F01A7C7DC6}"
EndProject
Project("{9A19103F-16F7-4668-BE54-9A1E7A4F7556}") = "Enbrea.Cli.Untis", "src\Enbrea.Cli.Untis\Enbrea.Cli.Untis.csproj", "{1129278B-3BFE-4323-A70C-276E64ABD798}"
EndProject
Project("{9A19103F-16F7-4668-BE54-9A1E7A4F7556}") = "Enbrea.Cli.Common", "src\Enbrea.Cli.Common\Enbrea.Cli.Common.csproj", "{1282F48F-8B87-4FFD-9010-BED8F5CDC7CB}"
EndProject
Project("{B7DD6F7E-DEF8-4E67-B5B7-07EF123DB6F0}") = "Enbrea.Cli.Setup", "setup\Enbrea.Cli.Setup.wixproj", "{65156A00-B242-4BEF-87F1-6E168CD6503C}"
EndProject
Project("{9A19103F-16F7-4668-BE54-9A1E7A4F7556}") = "Enbrea.Cli.Excel", "src\Enbrea.Cli.Excel\Enbrea.Cli.Excel.csproj", "{17B3659C-7F53-4861-A740-DD239491815C}"
EndProject
Project("{9A19103F-16F7-4668-BE54-9A1E7A4F7556}") = "Enbrea.Cli.DaVinci", "src\Enbrea.Cli.DaVinci\Enbrea.Cli.DaVinci.csproj", "{EF88062D-DA8A-4B8C-88D1-B5DCC85FC9B9}"
EndProject
Project("{9A19103F-16F7-4668-BE54-9A1E7A4F7556}") = "Enbrea.Cli.BbsPlanung", "src\Enbrea.Cli.BbsPlanung\Enbrea.Cli.BbsPlanung.csproj", "{A2B6DE67-82EB-4B57-B253-CAC3A73C1B39}"
EndProject
Project("{9A19103F-16F7-4668-BE54-9A1E7A4F7556}") = "Enbrea.Cli.Edoosys", "src\Enbrea.Cli.Edoosys\Enbrea.Cli.Edoosys.csproj", "{5ED4B172-77BF-4E13-849D-795E8EF6AD5D}"
EndProject
Project("{9A19103F-16F7-4668-BE54-9A1E7A4F7556}") = "Enbrea.Cli.SchildNRW", "src\Enbrea.Cli.SchildNRW\Enbrea.Cli.SchildNRW.csproj", "{51ED321A-CF9B-4403-8DC4-3AF50EE06FFB}"
EndProject
Project("{9A19103F-16F7-4668-BE54-9A1E7A4F7556}") = "Enbrea.Cli.Magellan", "src\Enbrea.Cli.Magellan\Enbrea.Cli.Magellan.csproj", "{6EBA1546-8DE6-4EA9-BED2-4FF2CC25320C}"
EndProject
Project("{9A19103F-16F7-4668-BE54-9A1E7A4F7556}") = "Enbrea.Cli.DaNiS", "src\Enbrea.Cli.DaNiS\Enbrea.Cli.DaNiS.csproj", "{D62C1AAF-2CE5-43C3-9F76-A00708DB746E}"
EndProject
Project("{FAE04EC0-301F-11D3-BF4B-00C04F79EFBC}") = "Enbrea.Cli.SaxSVS", "src\Enbrea.Cli.SaxSVS\Enbrea.Cli.SaxSVS.csproj", "{4C790405-9878-3A88-F6F2-6BA5C53D01A4}"
EndProject
Global
	GlobalSection(SolutionConfigurationPlatforms) = preSolution
		Debug|Any CPU = Debug|Any CPU
		Debug|ARM64 = Debug|ARM64
		Debug|x64 = Debug|x64
		Debug|x86 = Debug|x86
		Release|Any CPU = Release|Any CPU
		Release|ARM64 = Release|ARM64
		Release|x64 = Release|x64
		Release|x86 = Release|x86
	EndGlobalSection
	GlobalSection(ProjectConfigurationPlatforms) = postSolution
		{10C5AA32-2254-46CF-80DA-34F01A7C7DC6}.Debug|Any CPU.ActiveCfg = Debug|Any CPU
		{10C5AA32-2254-46CF-80DA-34F01A7C7DC6}.Debug|Any CPU.Build.0 = Debug|Any CPU
		{10C5AA32-2254-46CF-80DA-34F01A7C7DC6}.Debug|ARM64.ActiveCfg = Debug|Any CPU
		{10C5AA32-2254-46CF-80DA-34F01A7C7DC6}.Debug|ARM64.Build.0 = Debug|Any CPU
		{10C5AA32-2254-46CF-80DA-34F01A7C7DC6}.Debug|x64.ActiveCfg = Debug|Any CPU
		{10C5AA32-2254-46CF-80DA-34F01A7C7DC6}.Debug|x64.Build.0 = Debug|Any CPU
		{10C5AA32-2254-46CF-80DA-34F01A7C7DC6}.Debug|x86.ActiveCfg = Debug|Any CPU
		{10C5AA32-2254-46CF-80DA-34F01A7C7DC6}.Debug|x86.Build.0 = Debug|Any CPU
		{10C5AA32-2254-46CF-80DA-34F01A7C7DC6}.Release|Any CPU.ActiveCfg = Release|Any CPU
		{10C5AA32-2254-46CF-80DA-34F01A7C7DC6}.Release|Any CPU.Build.0 = Release|Any CPU
		{10C5AA32-2254-46CF-80DA-34F01A7C7DC6}.Release|ARM64.ActiveCfg = Release|Any CPU
		{10C5AA32-2254-46CF-80DA-34F01A7C7DC6}.Release|ARM64.Build.0 = Release|Any CPU
		{10C5AA32-2254-46CF-80DA-34F01A7C7DC6}.Release|x64.ActiveCfg = Release|Any CPU
		{10C5AA32-2254-46CF-80DA-34F01A7C7DC6}.Release|x64.Build.0 = Release|Any CPU
		{10C5AA32-2254-46CF-80DA-34F01A7C7DC6}.Release|x86.ActiveCfg = Release|Any CPU
		{10C5AA32-2254-46CF-80DA-34F01A7C7DC6}.Release|x86.Build.0 = Release|Any CPU
		{1129278B-3BFE-4323-A70C-276E64ABD798}.Debug|Any CPU.ActiveCfg = Debug|Any CPU
		{1129278B-3BFE-4323-A70C-276E64ABD798}.Debug|Any CPU.Build.0 = Debug|Any CPU
		{1129278B-3BFE-4323-A70C-276E64ABD798}.Debug|ARM64.ActiveCfg = Debug|Any CPU
		{1129278B-3BFE-4323-A70C-276E64ABD798}.Debug|ARM64.Build.0 = Debug|Any CPU
		{1129278B-3BFE-4323-A70C-276E64ABD798}.Debug|x64.ActiveCfg = Debug|Any CPU
		{1129278B-3BFE-4323-A70C-276E64ABD798}.Debug|x64.Build.0 = Debug|Any CPU
		{1129278B-3BFE-4323-A70C-276E64ABD798}.Debug|x86.ActiveCfg = Debug|Any CPU
		{1129278B-3BFE-4323-A70C-276E64ABD798}.Debug|x86.Build.0 = Debug|Any CPU
		{1129278B-3BFE-4323-A70C-276E64ABD798}.Release|Any CPU.ActiveCfg = Release|Any CPU
		{1129278B-3BFE-4323-A70C-276E64ABD798}.Release|Any CPU.Build.0 = Release|Any CPU
		{1129278B-3BFE-4323-A70C-276E64ABD798}.Release|ARM64.ActiveCfg = Release|Any CPU
		{1129278B-3BFE-4323-A70C-276E64ABD798}.Release|ARM64.Build.0 = Release|Any CPU
		{1129278B-3BFE-4323-A70C-276E64ABD798}.Release|x64.ActiveCfg = Release|Any CPU
		{1129278B-3BFE-4323-A70C-276E64ABD798}.Release|x64.Build.0 = Release|Any CPU
		{1129278B-3BFE-4323-A70C-276E64ABD798}.Release|x86.ActiveCfg = Release|Any CPU
		{1129278B-3BFE-4323-A70C-276E64ABD798}.Release|x86.Build.0 = Release|Any CPU
		{1282F48F-8B87-4FFD-9010-BED8F5CDC7CB}.Debug|Any CPU.ActiveCfg = Debug|Any CPU
		{1282F48F-8B87-4FFD-9010-BED8F5CDC7CB}.Debug|Any CPU.Build.0 = Debug|Any CPU
		{1282F48F-8B87-4FFD-9010-BED8F5CDC7CB}.Debug|ARM64.ActiveCfg = Debug|Any CPU
		{1282F48F-8B87-4FFD-9010-BED8F5CDC7CB}.Debug|ARM64.Build.0 = Debug|Any CPU
		{1282F48F-8B87-4FFD-9010-BED8F5CDC7CB}.Debug|x64.ActiveCfg = Debug|Any CPU
		{1282F48F-8B87-4FFD-9010-BED8F5CDC7CB}.Debug|x64.Build.0 = Debug|Any CPU
		{1282F48F-8B87-4FFD-9010-BED8F5CDC7CB}.Debug|x86.ActiveCfg = Debug|Any CPU
		{1282F48F-8B87-4FFD-9010-BED8F5CDC7CB}.Debug|x86.Build.0 = Debug|Any CPU
		{1282F48F-8B87-4FFD-9010-BED8F5CDC7CB}.Release|Any CPU.ActiveCfg = Release|Any CPU
		{1282F48F-8B87-4FFD-9010-BED8F5CDC7CB}.Release|Any CPU.Build.0 = Release|Any CPU
		{1282F48F-8B87-4FFD-9010-BED8F5CDC7CB}.Release|ARM64.ActiveCfg = Release|Any CPU
		{1282F48F-8B87-4FFD-9010-BED8F5CDC7CB}.Release|ARM64.Build.0 = Release|Any CPU
		{1282F48F-8B87-4FFD-9010-BED8F5CDC7CB}.Release|x64.ActiveCfg = Release|Any CPU
		{1282F48F-8B87-4FFD-9010-BED8F5CDC7CB}.Release|x64.Build.0 = Release|Any CPU
		{1282F48F-8B87-4FFD-9010-BED8F5CDC7CB}.Release|x86.ActiveCfg = Release|Any CPU
		{1282F48F-8B87-4FFD-9010-BED8F5CDC7CB}.Release|x86.Build.0 = Release|Any CPU
		{65156A00-B242-4BEF-87F1-6E168CD6503C}.Debug|Any CPU.ActiveCfg = Debug|x64
		{65156A00-B242-4BEF-87F1-6E168CD6503C}.Debug|ARM64.ActiveCfg = Debug|ARM64
		{65156A00-B242-4BEF-87F1-6E168CD6503C}.Debug|x64.ActiveCfg = Debug|x64
		{65156A00-B242-4BEF-87F1-6E168CD6503C}.Debug|x86.ActiveCfg = Debug|x86
		{65156A00-B242-4BEF-87F1-6E168CD6503C}.Release|Any CPU.ActiveCfg = Release|x64
		{65156A00-B242-4BEF-87F1-6E168CD6503C}.Release|ARM64.ActiveCfg = Release|ARM64
		{65156A00-B242-4BEF-87F1-6E168CD6503C}.Release|x64.ActiveCfg = Release|x64
		{65156A00-B242-4BEF-87F1-6E168CD6503C}.Release|x86.ActiveCfg = Release|x86
		{17B3659C-7F53-4861-A740-DD239491815C}.Debug|Any CPU.ActiveCfg = Debug|Any CPU
		{17B3659C-7F53-4861-A740-DD239491815C}.Debug|Any CPU.Build.0 = Debug|Any CPU
		{17B3659C-7F53-4861-A740-DD239491815C}.Debug|ARM64.ActiveCfg = Debug|Any CPU
		{17B3659C-7F53-4861-A740-DD239491815C}.Debug|ARM64.Build.0 = Debug|Any CPU
		{17B3659C-7F53-4861-A740-DD239491815C}.Debug|x64.ActiveCfg = Debug|Any CPU
		{17B3659C-7F53-4861-A740-DD239491815C}.Debug|x64.Build.0 = Debug|Any CPU
		{17B3659C-7F53-4861-A740-DD239491815C}.Debug|x86.ActiveCfg = Debug|Any CPU
		{17B3659C-7F53-4861-A740-DD239491815C}.Debug|x86.Build.0 = Debug|Any CPU
		{17B3659C-7F53-4861-A740-DD239491815C}.Release|Any CPU.ActiveCfg = Release|Any CPU
		{17B3659C-7F53-4861-A740-DD239491815C}.Release|Any CPU.Build.0 = Release|Any CPU
		{17B3659C-7F53-4861-A740-DD239491815C}.Release|ARM64.ActiveCfg = Release|Any CPU
		{17B3659C-7F53-4861-A740-DD239491815C}.Release|ARM64.Build.0 = Release|Any CPU
		{17B3659C-7F53-4861-A740-DD239491815C}.Release|x64.ActiveCfg = Release|Any CPU
		{17B3659C-7F53-4861-A740-DD239491815C}.Release|x64.Build.0 = Release|Any CPU
		{17B3659C-7F53-4861-A740-DD239491815C}.Release|x86.ActiveCfg = Release|Any CPU
		{17B3659C-7F53-4861-A740-DD239491815C}.Release|x86.Build.0 = Release|Any CPU
		{EF88062D-DA8A-4B8C-88D1-B5DCC85FC9B9}.Debug|Any CPU.ActiveCfg = Debug|Any CPU
		{EF88062D-DA8A-4B8C-88D1-B5DCC85FC9B9}.Debug|Any CPU.Build.0 = Debug|Any CPU
		{EF88062D-DA8A-4B8C-88D1-B5DCC85FC9B9}.Debug|ARM64.ActiveCfg = Debug|Any CPU
		{EF88062D-DA8A-4B8C-88D1-B5DCC85FC9B9}.Debug|ARM64.Build.0 = Debug|Any CPU
		{EF88062D-DA8A-4B8C-88D1-B5DCC85FC9B9}.Debug|x64.ActiveCfg = Debug|Any CPU
		{EF88062D-DA8A-4B8C-88D1-B5DCC85FC9B9}.Debug|x64.Build.0 = Debug|Any CPU
		{EF88062D-DA8A-4B8C-88D1-B5DCC85FC9B9}.Debug|x86.ActiveCfg = Debug|Any CPU
		{EF88062D-DA8A-4B8C-88D1-B5DCC85FC9B9}.Debug|x86.Build.0 = Debug|Any CPU
		{EF88062D-DA8A-4B8C-88D1-B5DCC85FC9B9}.Release|Any CPU.ActiveCfg = Release|Any CPU
		{EF88062D-DA8A-4B8C-88D1-B5DCC85FC9B9}.Release|Any CPU.Build.0 = Release|Any CPU
		{EF88062D-DA8A-4B8C-88D1-B5DCC85FC9B9}.Release|ARM64.ActiveCfg = Release|Any CPU
		{EF88062D-DA8A-4B8C-88D1-B5DCC85FC9B9}.Release|ARM64.Build.0 = Release|Any CPU
		{EF88062D-DA8A-4B8C-88D1-B5DCC85FC9B9}.Release|x64.ActiveCfg = Release|Any CPU
		{EF88062D-DA8A-4B8C-88D1-B5DCC85FC9B9}.Release|x64.Build.0 = Release|Any CPU
		{EF88062D-DA8A-4B8C-88D1-B5DCC85FC9B9}.Release|x86.ActiveCfg = Release|Any CPU
		{EF88062D-DA8A-4B8C-88D1-B5DCC85FC9B9}.Release|x86.Build.0 = Release|Any CPU
		{A2B6DE67-82EB-4B57-B253-CAC3A73C1B39}.Debug|Any CPU.ActiveCfg = Debug|Any CPU
		{A2B6DE67-82EB-4B57-B253-CAC3A73C1B39}.Debug|Any CPU.Build.0 = Debug|Any CPU
		{A2B6DE67-82EB-4B57-B253-CAC3A73C1B39}.Debug|ARM64.ActiveCfg = Debug|Any CPU
		{A2B6DE67-82EB-4B57-B253-CAC3A73C1B39}.Debug|ARM64.Build.0 = Debug|Any CPU
		{A2B6DE67-82EB-4B57-B253-CAC3A73C1B39}.Debug|x64.ActiveCfg = Debug|Any CPU
		{A2B6DE67-82EB-4B57-B253-CAC3A73C1B39}.Debug|x64.Build.0 = Debug|Any CPU
		{A2B6DE67-82EB-4B57-B253-CAC3A73C1B39}.Debug|x86.ActiveCfg = Debug|Any CPU
		{A2B6DE67-82EB-4B57-B253-CAC3A73C1B39}.Debug|x86.Build.0 = Debug|Any CPU
		{A2B6DE67-82EB-4B57-B253-CAC3A73C1B39}.Release|Any CPU.ActiveCfg = Release|Any CPU
		{A2B6DE67-82EB-4B57-B253-CAC3A73C1B39}.Release|Any CPU.Build.0 = Release|Any CPU
		{A2B6DE67-82EB-4B57-B253-CAC3A73C1B39}.Release|ARM64.ActiveCfg = Release|Any CPU
		{A2B6DE67-82EB-4B57-B253-CAC3A73C1B39}.Release|ARM64.Build.0 = Release|Any CPU
		{A2B6DE67-82EB-4B57-B253-CAC3A73C1B39}.Release|x64.ActiveCfg = Release|Any CPU
		{A2B6DE67-82EB-4B57-B253-CAC3A73C1B39}.Release|x64.Build.0 = Release|Any CPU
		{A2B6DE67-82EB-4B57-B253-CAC3A73C1B39}.Release|x86.ActiveCfg = Release|Any CPU
		{A2B6DE67-82EB-4B57-B253-CAC3A73C1B39}.Release|x86.Build.0 = Release|Any CPU
		{5ED4B172-77BF-4E13-849D-795E8EF6AD5D}.Debug|Any CPU.ActiveCfg = Debug|Any CPU
		{5ED4B172-77BF-4E13-849D-795E8EF6AD5D}.Debug|Any CPU.Build.0 = Debug|Any CPU
		{5ED4B172-77BF-4E13-849D-795E8EF6AD5D}.Debug|ARM64.ActiveCfg = Debug|Any CPU
		{5ED4B172-77BF-4E13-849D-795E8EF6AD5D}.Debug|ARM64.Build.0 = Debug|Any CPU
		{5ED4B172-77BF-4E13-849D-795E8EF6AD5D}.Debug|x64.ActiveCfg = Debug|Any CPU
		{5ED4B172-77BF-4E13-849D-795E8EF6AD5D}.Debug|x64.Build.0 = Debug|Any CPU
		{5ED4B172-77BF-4E13-849D-795E8EF6AD5D}.Debug|x86.ActiveCfg = Debug|Any CPU
		{5ED4B172-77BF-4E13-849D-795E8EF6AD5D}.Debug|x86.Build.0 = Debug|Any CPU
		{5ED4B172-77BF-4E13-849D-795E8EF6AD5D}.Release|Any CPU.ActiveCfg = Release|Any CPU
		{5ED4B172-77BF-4E13-849D-795E8EF6AD5D}.Release|Any CPU.Build.0 = Release|Any CPU
		{5ED4B172-77BF-4E13-849D-795E8EF6AD5D}.Release|ARM64.ActiveCfg = Release|Any CPU
		{5ED4B172-77BF-4E13-849D-795E8EF6AD5D}.Release|ARM64.Build.0 = Release|Any CPU
		{5ED4B172-77BF-4E13-849D-795E8EF6AD5D}.Release|x64.ActiveCfg = Release|Any CPU
		{5ED4B172-77BF-4E13-849D-795E8EF6AD5D}.Release|x64.Build.0 = Release|Any CPU
		{5ED4B172-77BF-4E13-849D-795E8EF6AD5D}.Release|x86.ActiveCfg = Release|Any CPU
		{5ED4B172-77BF-4E13-849D-795E8EF6AD5D}.Release|x86.Build.0 = Release|Any CPU
		{51ED321A-CF9B-4403-8DC4-3AF50EE06FFB}.Debug|Any CPU.ActiveCfg = Debug|Any CPU
		{51ED321A-CF9B-4403-8DC4-3AF50EE06FFB}.Debug|Any CPU.Build.0 = Debug|Any CPU
		{51ED321A-CF9B-4403-8DC4-3AF50EE06FFB}.Debug|ARM64.ActiveCfg = Debug|Any CPU
		{51ED321A-CF9B-4403-8DC4-3AF50EE06FFB}.Debug|ARM64.Build.0 = Debug|Any CPU
		{51ED321A-CF9B-4403-8DC4-3AF50EE06FFB}.Debug|x64.ActiveCfg = Debug|Any CPU
		{51ED321A-CF9B-4403-8DC4-3AF50EE06FFB}.Debug|x64.Build.0 = Debug|Any CPU
		{51ED321A-CF9B-4403-8DC4-3AF50EE06FFB}.Debug|x86.ActiveCfg = Debug|Any CPU
		{51ED321A-CF9B-4403-8DC4-3AF50EE06FFB}.Debug|x86.Build.0 = Debug|Any CPU
		{51ED321A-CF9B-4403-8DC4-3AF50EE06FFB}.Release|Any CPU.ActiveCfg = Release|Any CPU
		{51ED321A-CF9B-4403-8DC4-3AF50EE06FFB}.Release|Any CPU.Build.0 = Release|Any CPU
		{51ED321A-CF9B-4403-8DC4-3AF50EE06FFB}.Release|ARM64.ActiveCfg = Release|Any CPU
		{51ED321A-CF9B-4403-8DC4-3AF50EE06FFB}.Release|ARM64.Build.0 = Release|Any CPU
		{51ED321A-CF9B-4403-8DC4-3AF50EE06FFB}.Release|x64.ActiveCfg = Release|Any CPU
		{51ED321A-CF9B-4403-8DC4-3AF50EE06FFB}.Release|x64.Build.0 = Release|Any CPU
		{51ED321A-CF9B-4403-8DC4-3AF50EE06FFB}.Release|x86.ActiveCfg = Release|Any CPU
		{51ED321A-CF9B-4403-8DC4-3AF50EE06FFB}.Release|x86.Build.0 = Release|Any CPU
		{6EBA1546-8DE6-4EA9-BED2-4FF2CC25320C}.Debug|Any CPU.ActiveCfg = Debug|Any CPU
		{6EBA1546-8DE6-4EA9-BED2-4FF2CC25320C}.Debug|Any CPU.Build.0 = Debug|Any CPU
		{6EBA1546-8DE6-4EA9-BED2-4FF2CC25320C}.Debug|ARM64.ActiveCfg = Debug|Any CPU
		{6EBA1546-8DE6-4EA9-BED2-4FF2CC25320C}.Debug|ARM64.Build.0 = Debug|Any CPU
		{6EBA1546-8DE6-4EA9-BED2-4FF2CC25320C}.Debug|x64.ActiveCfg = Debug|Any CPU
		{6EBA1546-8DE6-4EA9-BED2-4FF2CC25320C}.Debug|x64.Build.0 = Debug|Any CPU
		{6EBA1546-8DE6-4EA9-BED2-4FF2CC25320C}.Debug|x86.ActiveCfg = Debug|Any CPU
		{6EBA1546-8DE6-4EA9-BED2-4FF2CC25320C}.Debug|x86.Build.0 = Debug|Any CPU
		{6EBA1546-8DE6-4EA9-BED2-4FF2CC25320C}.Release|Any CPU.ActiveCfg = Release|Any CPU
		{6EBA1546-8DE6-4EA9-BED2-4FF2CC25320C}.Release|Any CPU.Build.0 = Release|Any CPU
		{6EBA1546-8DE6-4EA9-BED2-4FF2CC25320C}.Release|ARM64.ActiveCfg = Release|Any CPU
		{6EBA1546-8DE6-4EA9-BED2-4FF2CC25320C}.Release|ARM64.Build.0 = Release|Any CPU
		{6EBA1546-8DE6-4EA9-BED2-4FF2CC25320C}.Release|x64.ActiveCfg = Release|Any CPU
		{6EBA1546-8DE6-4EA9-BED2-4FF2CC25320C}.Release|x64.Build.0 = Release|Any CPU
		{6EBA1546-8DE6-4EA9-BED2-4FF2CC25320C}.Release|x86.ActiveCfg = Release|Any CPU
		{6EBA1546-8DE6-4EA9-BED2-4FF2CC25320C}.Release|x86.Build.0 = Release|Any CPU
		{D62C1AAF-2CE5-43C3-9F76-A00708DB746E}.Debug|Any CPU.ActiveCfg = Debug|Any CPU
		{D62C1AAF-2CE5-43C3-9F76-A00708DB746E}.Debug|Any CPU.Build.0 = Debug|Any CPU
		{D62C1AAF-2CE5-43C3-9F76-A00708DB746E}.Debug|ARM64.ActiveCfg = Debug|Any CPU
		{D62C1AAF-2CE5-43C3-9F76-A00708DB746E}.Debug|ARM64.Build.0 = Debug|Any CPU
		{D62C1AAF-2CE5-43C3-9F76-A00708DB746E}.Debug|x64.ActiveCfg = Debug|Any CPU
		{D62C1AAF-2CE5-43C3-9F76-A00708DB746E}.Debug|x64.Build.0 = Debug|Any CPU
		{D62C1AAF-2CE5-43C3-9F76-A00708DB746E}.Debug|x86.ActiveCfg = Debug|Any CPU
		{D62C1AAF-2CE5-43C3-9F76-A00708DB746E}.Debug|x86.Build.0 = Debug|Any CPU
		{D62C1AAF-2CE5-43C3-9F76-A00708DB746E}.Release|Any CPU.ActiveCfg = Release|Any CPU
		{D62C1AAF-2CE5-43C3-9F76-A00708DB746E}.Release|Any CPU.Build.0 = Release|Any CPU
		{D62C1AAF-2CE5-43C3-9F76-A00708DB746E}.Release|ARM64.ActiveCfg = Release|Any CPU
		{D62C1AAF-2CE5-43C3-9F76-A00708DB746E}.Release|ARM64.Build.0 = Release|Any CPU
		{D62C1AAF-2CE5-43C3-9F76-A00708DB746E}.Release|x64.ActiveCfg = Release|Any CPU
		{D62C1AAF-2CE5-43C3-9F76-A00708DB746E}.Release|x64.Build.0 = Release|Any CPU
		{D62C1AAF-2CE5-43C3-9F76-A00708DB746E}.Release|x86.ActiveCfg = Release|Any CPU
		{D62C1AAF-2CE5-43C3-9F76-A00708DB746E}.Release|x86.Build.0 = Release|Any CPU
		{4C790405-9878-3A88-F6F2-6BA5C53D01A4}.Debug|Any CPU.ActiveCfg = Debug|Any CPU
		{4C790405-9878-3A88-F6F2-6BA5C53D01A4}.Debug|Any CPU.Build.0 = Debug|Any CPU
		{4C790405-9878-3A88-F6F2-6BA5C53D01A4}.Debug|ARM64.ActiveCfg = Debug|Any CPU
		{4C790405-9878-3A88-F6F2-6BA5C53D01A4}.Debug|ARM64.Build.0 = Debug|Any CPU
		{4C790405-9878-3A88-F6F2-6BA5C53D01A4}.Debug|x64.ActiveCfg = Debug|Any CPU
		{4C790405-9878-3A88-F6F2-6BA5C53D01A4}.Debug|x64.Build.0 = Debug|Any CPU
		{4C790405-9878-3A88-F6F2-6BA5C53D01A4}.Debug|x86.ActiveCfg = Debug|Any CPU
		{4C790405-9878-3A88-F6F2-6BA5C53D01A4}.Debug|x86.Build.0 = Debug|Any CPU
		{4C790405-9878-3A88-F6F2-6BA5C53D01A4}.Release|Any CPU.ActiveCfg = Release|Any CPU
		{4C790405-9878-3A88-F6F2-6BA5C53D01A4}.Release|Any CPU.Build.0 = Release|Any CPU
		{4C790405-9878-3A88-F6F2-6BA5C53D01A4}.Release|ARM64.ActiveCfg = Release|Any CPU
		{4C790405-9878-3A88-F6F2-6BA5C53D01A4}.Release|ARM64.Build.0 = Release|Any CPU
		{4C790405-9878-3A88-F6F2-6BA5C53D01A4}.Release|x64.ActiveCfg = Release|Any CPU
		{4C790405-9878-3A88-F6F2-6BA5C53D01A4}.Release|x64.Build.0 = Release|Any CPU
		{4C790405-9878-3A88-F6F2-6BA5C53D01A4}.Release|x86.ActiveCfg = Release|Any CPU
		{4C790405-9878-3A88-F6F2-6BA5C53D01A4}.Release|x86.Build.0 = Release|Any CPU
	EndGlobalSection
	GlobalSection(SolutionProperties) = preSolution
		HideSolutionNode = FALSE
	EndGlobalSection
	GlobalSection(ExtensibilityGlobals) = postSolution
		SolutionGuid = {C606DE7B-B0A1-4E93-8354-2EDD0B984A0E}
	EndGlobalSection
EndGlobal
